
Microsoft Visual Studio Solution File, Format Version 12.00
# Visual Studio 2012
Project("{FAE04EC0-301F-11D3-BF4B-00C04F79EFBC}") = "EnvironmentVars", "EnvironmentVars\EnvironmentVars.csproj", "{D894C19F-09FA-42F3-8EF3-B246D2CBF70F}"
EndProject
Global
	GlobalSection(SolutionConfigurationPlatforms) = preSolution
		Debug|Any CPU = Debug|Any CPU
		Release|Any CPU = Release|Any CPU
	EndGlobalSection
	GlobalSection(ProjectConfigurationPlatforms) = postSolution
		{D894C19F-09FA-42F3-8EF3-B246D2CBF70F}.Debug|Any CPU.ActiveCfg = Debug|Any CPU
		{D894C19F-09FA-42F3-8EF3-B246D2CBF70F}.Debug|Any CPU.Build.0 = Debug|Any CPU
		{D894C19F-09FA-42F3-8EF3-B246D2CBF70F}.Release|Any CPU.ActiveCfg = Release|Any CPU
		{D894C19F-09FA-42F3-8EF3-B246D2CBF70F}.Release|Any CPU.Build.0 = Release|Any CPU
	EndGlobalSection
	GlobalSection(SolutionProperties) = preSolution
		HideSolutionNode = FALSE
	EndGlobalSection
EndGlobal
